// !$*UTF8*$!
{
	archiveVersion = 1;
	classes = {
	};
	objectVersion = 51;
	objects = {

/* Begin PBXBuildFile section */
		3A81CFA4D6B0FDA9934D96AD /* Pods_PlanYourDay.framework in Frameworks */ = {isa = PBXBuildFile; fileRef = 3DEE8647F10094129A5F02D7 /* Pods_PlanYourDay.framework */; };
		46EB8E76E2B547407025F426 /* Pods_PlanYourDay_PlanYourDayUITests.framework in Frameworks */ = {isa = PBXBuildFile; fileRef = 17C8899CB5914A99DE71389E /* Pods_PlanYourDay_PlanYourDayUITests.framework */; };
		4ECA42E4525DA488DDBFF5D7 /* Pods_PlanYourDayTests.framework in Frameworks */ = {isa = PBXBuildFile; fileRef = 89EF86901B50B224DC5ABA60 /* Pods_PlanYourDayTests.framework */; };
		FA3796D22645847600D0168E /* SplashViewController.swift in Sources */ = {isa = PBXBuildFile; fileRef = FA3796D12645847600D0168E /* SplashViewController.swift */; };
		FA6A60C126466C550017CFF5 /* PlannerCell.swift in Sources */ = {isa = PBXBuildFile; fileRef = FA6A60BF26466C550017CFF5 /* PlannerCell.swift */; };
		FA6A60C226466C550017CFF5 /* PlannerCell.xib in Resources */ = {isa = PBXBuildFile; fileRef = FA6A60C026466C550017CFF5 /* PlannerCell.xib */; };
		FA6A60C7264687930017CFF5 /* Animation.swift in Sources */ = {isa = PBXBuildFile; fileRef = FA6A60C6264687930017CFF5 /* Animation.swift */; };
		FA6A60CC26468B480017CFF5 /* AlertController.swift in Sources */ = {isa = PBXBuildFile; fileRef = FA6A60CB26468B480017CFF5 /* AlertController.swift */; };
		FA6AB51C2646E1F2007E8F87 /* UIViewController+Extension.swift in Sources */ = {isa = PBXBuildFile; fileRef = FA6AB51B2646E1F2007E8F87 /* UIViewController+Extension.swift */; };
		FA6AB52826470270007E8F87 /* JSONParser.swift in Sources */ = {isa = PBXBuildFile; fileRef = FA6AB52726470270007E8F87 /* JSONParser.swift */; };
		FA7E97162644102000CF241F /* AppDelegate.swift in Sources */ = {isa = PBXBuildFile; fileRef = FA7E97152644102000CF241F /* AppDelegate.swift */; };
		FA7E971D2644102000CF241F /* Main.storyboard in Resources */ = {isa = PBXBuildFile; fileRef = FA7E971B2644102000CF241F /* Main.storyboard */; };
		FA7E971F2644102200CF241F /* Assets.xcassets in Resources */ = {isa = PBXBuildFile; fileRef = FA7E971E2644102200CF241F /* Assets.xcassets */; };
		FA7E97222644102200CF241F /* LaunchScreen.storyboard in Resources */ = {isa = PBXBuildFile; fileRef = FA7E97202644102200CF241F /* LaunchScreen.storyboard */; };
		FA7E972D2644102200CF241F /* PlanYourDayTests.swift in Sources */ = {isa = PBXBuildFile; fileRef = FA7E972C2644102200CF241F /* PlanYourDayTests.swift */; };
		FA7E97382644102200CF241F /* PlanYourDayUITests.swift in Sources */ = {isa = PBXBuildFile; fileRef = FA7E97372644102200CF241F /* PlanYourDayUITests.swift */; };
		FA7E976B26441EA500CF241F /* PlannerJSON.json in Resources */ = {isa = PBXBuildFile; fileRef = FA7E976A26441EA500CF241F /* PlannerJSON.json */; };
		FA7E978326441F6700CF241F /* PlannerViewController.swift in Sources */ = {isa = PBXBuildFile; fileRef = FA7E978226441F6700CF241F /* PlannerViewController.swift */; };
		FA7E978B2644205800CF241F /* ToDoListItem.swift in Sources */ = {isa = PBXBuildFile; fileRef = FA7E978A2644205800CF241F /* ToDoListItem.swift */; };
		FA7E97932644215600CF241F /* Constants.swift in Sources */ = {isa = PBXBuildFile; fileRef = FA7E97922644215600CF241F /* Constants.swift */; };
		FA7E979826442AB000CF241F /* UIView+Extension.swift in Sources */ = {isa = PBXBuildFile; fileRef = FA7E979726442AB000CF241F /* UIView+Extension.swift */; };
		FA7E97A126442CC000CF241F /* EntryViewController.swift in Sources */ = {isa = PBXBuildFile; fileRef = FA7E97A026442CC000CF241F /* EntryViewController.swift */; };
		FA7E97AA26442D2C00CF241F /* InfoViewController.swift in Sources */ = {isa = PBXBuildFile; fileRef = FA7E97A926442D2C00CF241F /* InfoViewController.swift */; };
		FA7E97B52644386E00CF241F /* UITextView+Extension.swift in Sources */ = {isa = PBXBuildFile; fileRef = FA7E97B42644386E00CF241F /* UITextView+Extension.swift */; };
		FA7E97BA26443F4000CF241F /* UIImageView+Extension.swift in Sources */ = {isa = PBXBuildFile; fileRef = FA7E97B926443F4000CF241F /* UIImageView+Extension.swift */; };
/* End PBXBuildFile section */

/* Begin PBXContainerItemProxy section */
		FA7E97292644102200CF241F /* PBXContainerItemProxy */ = {
			isa = PBXContainerItemProxy;
			containerPortal = FA7E970A2644101F00CF241F /* Project object */;
			proxyType = 1;
			remoteGlobalIDString = FA7E97112644102000CF241F;
			remoteInfo = PlanYourDay;
		};
		FA7E97342644102200CF241F /* PBXContainerItemProxy */ = {
			isa = PBXContainerItemProxy;
			containerPortal = FA7E970A2644101F00CF241F /* Project object */;
			proxyType = 1;
			remoteGlobalIDString = FA7E97112644102000CF241F;
			remoteInfo = PlanYourDay;
		};
/* End PBXContainerItemProxy section */

/* Begin PBXFileReference section */
		17C8899CB5914A99DE71389E /* Pods_PlanYourDay_PlanYourDayUITests.framework */ = {isa = PBXFileReference; explicitFileType = wrapper.framework; includeInIndex = 0; path = Pods_PlanYourDay_PlanYourDayUITests.framework; sourceTree = BUILT_PRODUCTS_DIR; };
		3DEE8647F10094129A5F02D7 /* Pods_PlanYourDay.framework */ = {isa = PBXFileReference; explicitFileType = wrapper.framework; includeInIndex = 0; path = Pods_PlanYourDay.framework; sourceTree = BUILT_PRODUCTS_DIR; };
		464253C676D5231452762549 /* Pods-PlanYourDay-PlanYourDayUITests.release.xcconfig */ = {isa = PBXFileReference; includeInIndex = 1; lastKnownFileType = text.xcconfig; name = "Pods-PlanYourDay-PlanYourDayUITests.release.xcconfig"; path = "Target Support Files/Pods-PlanYourDay-PlanYourDayUITests/Pods-PlanYourDay-PlanYourDayUITests.release.xcconfig"; sourceTree = "<group>"; };
		51BD879835538D7A1D4D1B4D /* Pods-PlanYourDay.debug.xcconfig */ = {isa = PBXFileReference; includeInIndex = 1; lastKnownFileType = text.xcconfig; name = "Pods-PlanYourDay.debug.xcconfig"; path = "Target Support Files/Pods-PlanYourDay/Pods-PlanYourDay.debug.xcconfig"; sourceTree = "<group>"; };
		5479CC3AED04695E32847320 /* Pods-PlanYourDayTests.release.xcconfig */ = {isa = PBXFileReference; includeInIndex = 1; lastKnownFileType = text.xcconfig; name = "Pods-PlanYourDayTests.release.xcconfig"; path = "Target Support Files/Pods-PlanYourDayTests/Pods-PlanYourDayTests.release.xcconfig"; sourceTree = "<group>"; };
		80C48A0C40BE966CDDFD60AE /* Pods-PlanYourDayTests.debug.xcconfig */ = {isa = PBXFileReference; includeInIndex = 1; lastKnownFileType = text.xcconfig; name = "Pods-PlanYourDayTests.debug.xcconfig"; path = "Target Support Files/Pods-PlanYourDayTests/Pods-PlanYourDayTests.debug.xcconfig"; sourceTree = "<group>"; };
		89EF86901B50B224DC5ABA60 /* Pods_PlanYourDayTests.framework */ = {isa = PBXFileReference; explicitFileType = wrapper.framework; includeInIndex = 0; path = Pods_PlanYourDayTests.framework; sourceTree = BUILT_PRODUCTS_DIR; };
		8DEE5F3D8D21C0BE3F1C04B8 /* Pods-PlanYourDay-PlanYourDayUITests.debug.xcconfig */ = {isa = PBXFileReference; includeInIndex = 1; lastKnownFileType = text.xcconfig; name = "Pods-PlanYourDay-PlanYourDayUITests.debug.xcconfig"; path = "Target Support Files/Pods-PlanYourDay-PlanYourDayUITests/Pods-PlanYourDay-PlanYourDayUITests.debug.xcconfig"; sourceTree = "<group>"; };
		C8810C1098E092E21AB85DA8 /* Pods-PlanYourDay.release.xcconfig */ = {isa = PBXFileReference; includeInIndex = 1; lastKnownFileType = text.xcconfig; name = "Pods-PlanYourDay.release.xcconfig"; path = "Target Support Files/Pods-PlanYourDay/Pods-PlanYourDay.release.xcconfig"; sourceTree = "<group>"; };
		FA3796D12645847600D0168E /* SplashViewController.swift */ = {isa = PBXFileReference; lastKnownFileType = sourcecode.swift; path = SplashViewController.swift; sourceTree = "<group>"; };
		FA6A60BF26466C550017CFF5 /* PlannerCell.swift */ = {isa = PBXFileReference; lastKnownFileType = sourcecode.swift; path = PlannerCell.swift; sourceTree = "<group>"; };
		FA6A60C026466C550017CFF5 /* PlannerCell.xib */ = {isa = PBXFileReference; lastKnownFileType = file.xib; path = PlannerCell.xib; sourceTree = "<group>"; };
		FA6A60C6264687930017CFF5 /* Animation.swift */ = {isa = PBXFileReference; lastKnownFileType = sourcecode.swift; path = Animation.swift; sourceTree = "<group>"; };
		FA6A60CB26468B480017CFF5 /* AlertController.swift */ = {isa = PBXFileReference; lastKnownFileType = sourcecode.swift; path = AlertController.swift; sourceTree = "<group>"; };
		FA6AB51B2646E1F2007E8F87 /* UIViewController+Extension.swift */ = {isa = PBXFileReference; lastKnownFileType = sourcecode.swift; path = "UIViewController+Extension.swift"; sourceTree = "<group>"; };
		FA6AB52726470270007E8F87 /* JSONParser.swift */ = {isa = PBXFileReference; lastKnownFileType = sourcecode.swift; path = JSONParser.swift; sourceTree = "<group>"; };
		FA7E97122644102000CF241F /* PlanYourDay.app */ = {isa = PBXFileReference; explicitFileType = wrapper.application; includeInIndex = 0; path = PlanYourDay.app; sourceTree = BUILT_PRODUCTS_DIR; };
		FA7E97152644102000CF241F /* AppDelegate.swift */ = {isa = PBXFileReference; lastKnownFileType = sourcecode.swift; path = AppDelegate.swift; sourceTree = "<group>"; };
		FA7E971C2644102000CF241F /* Base */ = {isa = PBXFileReference; lastKnownFileType = file.storyboard; name = Base; path = Base.lproj/Main.storyboard; sourceTree = "<group>"; };
		FA7E971E2644102200CF241F /* Assets.xcassets */ = {isa = PBXFileReference; lastKnownFileType = folder.assetcatalog; path = Assets.xcassets; sourceTree = "<group>"; };
		FA7E97212644102200CF241F /* Base */ = {isa = PBXFileReference; lastKnownFileType = file.storyboard; name = Base; path = Base.lproj/LaunchScreen.storyboard; sourceTree = "<group>"; };
		FA7E97232644102200CF241F /* Info.plist */ = {isa = PBXFileReference; lastKnownFileType = text.plist.xml; path = Info.plist; sourceTree = "<group>"; };
		FA7E97282644102200CF241F /* PlanYourDayTests.xctest */ = {isa = PBXFileReference; explicitFileType = wrapper.cfbundle; includeInIndex = 0; path = PlanYourDayTests.xctest; sourceTree = BUILT_PRODUCTS_DIR; };
		FA7E972C2644102200CF241F /* PlanYourDayTests.swift */ = {isa = PBXFileReference; lastKnownFileType = sourcecode.swift; path = PlanYourDayTests.swift; sourceTree = "<group>"; };
		FA7E972E2644102200CF241F /* Info.plist */ = {isa = PBXFileReference; lastKnownFileType = text.plist.xml; path = Info.plist; sourceTree = "<group>"; };
		FA7E97332644102200CF241F /* PlanYourDayUITests.xctest */ = {isa = PBXFileReference; explicitFileType = wrapper.cfbundle; includeInIndex = 0; path = PlanYourDayUITests.xctest; sourceTree = BUILT_PRODUCTS_DIR; };
		FA7E97372644102200CF241F /* PlanYourDayUITests.swift */ = {isa = PBXFileReference; lastKnownFileType = sourcecode.swift; path = PlanYourDayUITests.swift; sourceTree = "<group>"; };
		FA7E97392644102200CF241F /* Info.plist */ = {isa = PBXFileReference; lastKnownFileType = text.plist.xml; path = Info.plist; sourceTree = "<group>"; };
		FA7E976A26441EA500CF241F /* PlannerJSON.json */ = {isa = PBXFileReference; fileEncoding = 4; lastKnownFileType = text.json; path = PlannerJSON.json; sourceTree = "<group>"; };
		FA7E978226441F6700CF241F /* PlannerViewController.swift */ = {isa = PBXFileReference; lastKnownFileType = sourcecode.swift; path = PlannerViewController.swift; sourceTree = "<group>"; };
		FA7E978A2644205800CF241F /* ToDoListItem.swift */ = {isa = PBXFileReference; lastKnownFileType = sourcecode.swift; path = ToDoListItem.swift; sourceTree = "<group>"; };
		FA7E97922644215600CF241F /* Constants.swift */ = {isa = PBXFileReference; lastKnownFileType = sourcecode.swift; path = Constants.swift; sourceTree = "<group>"; };
		FA7E979726442AB000CF241F /* UIView+Extension.swift */ = {isa = PBXFileReference; lastKnownFileType = sourcecode.swift; path = "UIView+Extension.swift"; sourceTree = "<group>"; };
		FA7E97A026442CC000CF241F /* EntryViewController.swift */ = {isa = PBXFileReference; lastKnownFileType = sourcecode.swift; path = EntryViewController.swift; sourceTree = "<group>"; };
		FA7E97A926442D2C00CF241F /* InfoViewController.swift */ = {isa = PBXFileReference; lastKnownFileType = sourcecode.swift; path = InfoViewController.swift; sourceTree = "<group>"; };
		FA7E97B42644386E00CF241F /* UITextView+Extension.swift */ = {isa = PBXFileReference; lastKnownFileType = sourcecode.swift; path = "UITextView+Extension.swift"; sourceTree = "<group>"; };
		FA7E97B926443F4000CF241F /* UIImageView+Extension.swift */ = {isa = PBXFileReference; lastKnownFileType = sourcecode.swift; path = "UIImageView+Extension.swift"; sourceTree = "<group>"; };
/* End PBXFileReference section */

/* Begin PBXFrameworksBuildPhase section */
		FA7E970F2644102000CF241F /* Frameworks */ = {
			isa = PBXFrameworksBuildPhase;
			buildActionMask = 2147483647;
			files = (
				3A81CFA4D6B0FDA9934D96AD /* Pods_PlanYourDay.framework in Frameworks */,
			);
			runOnlyForDeploymentPostprocessing = 0;
		};
		FA7E97252644102200CF241F /* Frameworks */ = {
			isa = PBXFrameworksBuildPhase;
			buildActionMask = 2147483647;
			files = (
				4ECA42E4525DA488DDBFF5D7 /* Pods_PlanYourDayTests.framework in Frameworks */,
			);
			runOnlyForDeploymentPostprocessing = 0;
		};
		FA7E97302644102200CF241F /* Frameworks */ = {
			isa = PBXFrameworksBuildPhase;
			buildActionMask = 2147483647;
			files = (
				46EB8E76E2B547407025F426 /* Pods_PlanYourDay_PlanYourDayUITests.framework in Frameworks */,
			);
			runOnlyForDeploymentPostprocessing = 0;
		};
/* End PBXFrameworksBuildPhase section */

/* Begin PBXGroup section */
		48F4C6010D4F6EF5E670F9DD /* Pods */ = {
			isa = PBXGroup;
			children = (
				51BD879835538D7A1D4D1B4D /* Pods-PlanYourDay.debug.xcconfig */,
				C8810C1098E092E21AB85DA8 /* Pods-PlanYourDay.release.xcconfig */,
				8DEE5F3D8D21C0BE3F1C04B8 /* Pods-PlanYourDay-PlanYourDayUITests.debug.xcconfig */,
				464253C676D5231452762549 /* Pods-PlanYourDay-PlanYourDayUITests.release.xcconfig */,
				80C48A0C40BE966CDDFD60AE /* Pods-PlanYourDayTests.debug.xcconfig */,
				5479CC3AED04695E32847320 /* Pods-PlanYourDayTests.release.xcconfig */,
			);
			path = Pods;
			sourceTree = "<group>";
		};
		AF4383CDF446824556FDCFE5 /* Frameworks */ = {
			isa = PBXGroup;
			children = (
				3DEE8647F10094129A5F02D7 /* Pods_PlanYourDay.framework */,
				17C8899CB5914A99DE71389E /* Pods_PlanYourDay_PlanYourDayUITests.framework */,
				89EF86901B50B224DC5ABA60 /* Pods_PlanYourDayTests.framework */,
			);
			name = Frameworks;
			sourceTree = "<group>";
		};
		FA3796D02645845100D0168E /* SplashVC */ = {
			isa = PBXGroup;
			children = (
				FA3796D12645847600D0168E /* SplashViewController.swift */,
			);
			path = SplashVC;
			sourceTree = "<group>";
		};
		FA6A60B626466C080017CFF5 /* Cell */ = {
			isa = PBXGroup;
			children = (
				FA6A60BF26466C550017CFF5 /* PlannerCell.swift */,
				FA6A60C026466C550017CFF5 /* PlannerCell.xib */,
			);
			path = Cell;
			sourceTree = "<group>";
		};
		FA6AB50F2646DCED007E8F87 /* Model */ = {
			isa = PBXGroup;
			children = (
			);
			path = Model;
			sourceTree = "<group>";
		};
		FA6AB52326470226007E8F87 /* Controller */ = {
			isa = PBXGroup;
			children = (
				FA7E97A926442D2C00CF241F /* InfoViewController.swift */,
			);
			path = Controller;
			sourceTree = "<group>";
		};
		FA7E97092644101F00CF241F = {
			isa = PBXGroup;
			children = (
				FA7E97142644102000CF241F /* PlanYourDay */,
				FA7E972B2644102200CF241F /* PlanYourDayTests */,
				FA7E97362644102200CF241F /* PlanYourDayUITests */,
				FA7E97132644102000CF241F /* Products */,
				48F4C6010D4F6EF5E670F9DD /* Pods */,
				AF4383CDF446824556FDCFE5 /* Frameworks */,
			);
			sourceTree = "<group>";
		};
		FA7E97132644102000CF241F /* Products */ = {
			isa = PBXGroup;
			children = (
				FA7E97122644102000CF241F /* PlanYourDay.app */,
				FA7E97282644102200CF241F /* PlanYourDayTests.xctest */,
				FA7E97332644102200CF241F /* PlanYourDayUITests.xctest */,
			);
			name = Products;
			sourceTree = "<group>";
		};
		FA7E97142644102000CF241F /* PlanYourDay */ = {
			isa = PBXGroup;
			children = (
				FA7E974E2644112000CF241F /* Models */,
				FA7E9748264410D600CF241F /* Views */,
				FA7E977D26441F3200CF241F /* Controllers */,
				FA7E976926441D8E00CF241F /* JSON */,
				FA7E974F2644112A00CF241F /* Utils */,
				FA7E9749264410E600CF241F /* SupportingFiles */,
			);
			path = PlanYourDay;
			sourceTree = "<group>";
		};
		FA7E972B2644102200CF241F /* PlanYourDayTests */ = {
			isa = PBXGroup;
			children = (
				FA7E972C2644102200CF241F /* PlanYourDayTests.swift */,
				FA7E972E2644102200CF241F /* Info.plist */,
			);
			path = PlanYourDayTests;
			sourceTree = "<group>";
		};
		FA7E97362644102200CF241F /* PlanYourDayUITests */ = {
			isa = PBXGroup;
			children = (
				FA7E97372644102200CF241F /* PlanYourDayUITests.swift */,
				FA7E97392644102200CF241F /* Info.plist */,
			);
			path = PlanYourDayUITests;
			sourceTree = "<group>";
		};
		FA7E9748264410D600CF241F /* Views */ = {
			isa = PBXGroup;
			children = (
				FA7E971B2644102000CF241F /* Main.storyboard */,
				FA7E97202644102200CF241F /* LaunchScreen.storyboard */,
			);
			path = Views;
			sourceTree = "<group>";
		};
		FA7E9749264410E600CF241F /* SupportingFiles */ = {
			isa = PBXGroup;
			children = (
				FA7E97152644102000CF241F /* AppDelegate.swift */,
				FA7E971E2644102200CF241F /* Assets.xcassets */,
				FA7E97232644102200CF241F /* Info.plist */,
			);
			path = SupportingFiles;
			sourceTree = "<group>";
		};
		FA7E974E2644112000CF241F /* Models */ = {
			isa = PBXGroup;
			children = (
			);
			path = Models;
			sourceTree = "<group>";
		};
		FA7E974F2644112A00CF241F /* Utils */ = {
			isa = PBXGroup;
			children = (
				FA7E97922644215600CF241F /* Constants.swift */,
				FA7E979726442AB000CF241F /* UIView+Extension.swift */,
				FA7E97B42644386E00CF241F /* UITextView+Extension.swift */,
				FA7E97B926443F4000CF241F /* UIImageView+Extension.swift */,
				FA6A60C6264687930017CFF5 /* Animation.swift */,
				FA6A60CB26468B480017CFF5 /* AlertController.swift */,
				FA6AB51B2646E1F2007E8F87 /* UIViewController+Extension.swift */,
			);
			path = Utils;
			sourceTree = "<group>";
		};
		FA7E976926441D8E00CF241F /* JSON */ = {
			isa = PBXGroup;
			children = (
				FA7E976A26441EA500CF241F /* PlannerJSON.json */,
				FA6AB52726470270007E8F87 /* JSONParser.swift */,
			);
			path = JSON;
			sourceTree = "<group>";
		};
		FA7E977D26441F3200CF241F /* Controllers */ = {
			isa = PBXGroup;
			children = (
				FA3796D02645845100D0168E /* SplashVC */,
				FA7E977E26441F3C00CF241F /* PlannerVC */,
				FA7E979C26442C8C00CF241F /* EntryVC */,
				FA7E97A826442D0000CF241F /* InfoVC */,
			);
			path = Controllers;
			sourceTree = "<group>";
		};
		FA7E977E26441F3C00CF241F /* PlannerVC */ = {
			isa = PBXGroup;
			children = (
				FA7E978126441F5400CF241F /* Model */,
				FA7E978026441F4D00CF241F /* View */,
				FA7E977F26441F4600CF241F /* Controller */,
			);
			path = PlannerVC;
			sourceTree = "<group>";
		};
		FA7E977F26441F4600CF241F /* Controller */ = {
			isa = PBXGroup;
			children = (
				FA7E978226441F6700CF241F /* PlannerViewController.swift */,
				FA6A60B626466C080017CFF5 /* Cell */,
			);
			path = Controller;
			sourceTree = "<group>";
		};
		FA7E978026441F4D00CF241F /* View */ = {
			isa = PBXGroup;
			children = (
			);
			path = View;
			sourceTree = "<group>";
		};
		FA7E978126441F5400CF241F /* Model */ = {
			isa = PBXGroup;
			children = (
				FA7E978A2644205800CF241F /* ToDoListItem.swift */,
			);
			path = Model;
			sourceTree = "<group>";
		};
		FA7E979C26442C8C00CF241F /* EntryVC */ = {
			isa = PBXGroup;
			children = (
				FA7E979F26442CB100CF241F /* View */,
				FA7E979E26442CAA00CF241F /* Model */,
				FA7E979D26442CA100CF241F /* Controller */,
			);
			path = EntryVC;
			sourceTree = "<group>";
		};
		FA7E979D26442CA100CF241F /* Controller */ = {
			isa = PBXGroup;
			children = (
				FA7E97A026442CC000CF241F /* EntryViewController.swift */,
			);
			path = Controller;
			sourceTree = "<group>";
		};
		FA7E979E26442CAA00CF241F /* Model */ = {
			isa = PBXGroup;
			children = (
			);
			path = Model;
			sourceTree = "<group>";
		};
		FA7E979F26442CB100CF241F /* View */ = {
			isa = PBXGroup;
			children = (
			);
			path = View;
			sourceTree = "<group>";
		};
		FA7E97A826442D0000CF241F /* InfoVC */ = {
			isa = PBXGroup;
			children = (
				FA7E97D626445F0C00CF241F /* View */,
				FA6AB50F2646DCED007E8F87 /* Model */,
				FA6AB52326470226007E8F87 /* Controller */,
			);
			path = InfoVC;
			sourceTree = "<group>";
		};
		FA7E97D626445F0C00CF241F /* View */ = {
			isa = PBXGroup;
			children = (
			);
			path = View;
			sourceTree = "<group>";
		};
/* End PBXGroup section */

/* Begin PBXNativeTarget section */
		FA7E97112644102000CF241F /* PlanYourDay */ = {
			isa = PBXNativeTarget;
			buildConfigurationList = FA7E973C2644102200CF241F /* Build configuration list for PBXNativeTarget "PlanYourDay" */;
			buildPhases = (
				B9A8A076A6D97A8413F353E9 /* [CP] Check Pods Manifest.lock */,
				FA7E970E2644102000CF241F /* Sources */,
				FA7E970F2644102000CF241F /* Frameworks */,
				FA7E97102644102000CF241F /* Resources */,
				CCBFC4725DAD2636448326E4 /* [CP] Embed Pods Frameworks */,
			);
			buildRules = (
			);
			dependencies = (
			);
			name = PlanYourDay;
			productName = PlanYourDay;
			productReference = FA7E97122644102000CF241F /* PlanYourDay.app */;
			productType = "com.apple.product-type.application";
		};
		FA7E97272644102200CF241F /* PlanYourDayTests */ = {
			isa = PBXNativeTarget;
			buildConfigurationList = FA7E973F2644102200CF241F /* Build configuration list for PBXNativeTarget "PlanYourDayTests" */;
			buildPhases = (
				1DA7BAB6DB5313CF0B466089 /* [CP] Check Pods Manifest.lock */,
				FA7E97242644102200CF241F /* Sources */,
				FA7E97252644102200CF241F /* Frameworks */,
				FA7E97262644102200CF241F /* Resources */,
			);
			buildRules = (
			);
			dependencies = (
				FA7E972A2644102200CF241F /* PBXTargetDependency */,
			);
			name = PlanYourDayTests;
			productName = PlanYourDayTests;
			productReference = FA7E97282644102200CF241F /* PlanYourDayTests.xctest */;
			productType = "com.apple.product-type.bundle.unit-test";
		};
		FA7E97322644102200CF241F /* PlanYourDayUITests */ = {
			isa = PBXNativeTarget;
			buildConfigurationList = FA7E97422644102200CF241F /* Build configuration list for PBXNativeTarget "PlanYourDayUITests" */;
			buildPhases = (
				E37B9EE13681B668C19EE0C1 /* [CP] Check Pods Manifest.lock */,
				FA7E972F2644102200CF241F /* Sources */,
				FA7E97302644102200CF241F /* Frameworks */,
				FA7E97312644102200CF241F /* Resources */,
				C1B75F3B9B308F743221137E /* [CP] Embed Pods Frameworks */,
			);
			buildRules = (
			);
			dependencies = (
				FA7E97352644102200CF241F /* PBXTargetDependency */,
			);
			name = PlanYourDayUITests;
			productName = PlanYourDayUITests;
			productReference = FA7E97332644102200CF241F /* PlanYourDayUITests.xctest */;
			productType = "com.apple.product-type.bundle.ui-testing";
		};
/* End PBXNativeTarget section */

/* Begin PBXProject section */
		FA7E970A2644101F00CF241F /* Project object */ = {
			isa = PBXProject;
			attributes = {
				LastSwiftUpdateCheck = 1240;
				LastUpgradeCheck = 1240;
				TargetAttributes = {
					FA7E97112644102000CF241F = {
						CreatedOnToolsVersion = 12.4;
					};
					FA7E97272644102200CF241F = {
						CreatedOnToolsVersion = 12.4;
						TestTargetID = FA7E97112644102000CF241F;
					};
					FA7E97322644102200CF241F = {
						CreatedOnToolsVersion = 12.4;
						TestTargetID = FA7E97112644102000CF241F;
					};
				};
			};
			buildConfigurationList = FA7E970D2644101F00CF241F /* Build configuration list for PBXProject "PlanYourDay" */;
			compatibilityVersion = "Xcode 9.3";
			developmentRegion = en;
			hasScannedForEncodings = 0;
			knownRegions = (
				en,
				Base,
			);
			mainGroup = FA7E97092644101F00CF241F;
			productRefGroup = FA7E97132644102000CF241F /* Products */;
			projectDirPath = "";
			projectRoot = "";
			targets = (
				FA7E97112644102000CF241F /* PlanYourDay */,
				FA7E97272644102200CF241F /* PlanYourDayTests */,
				FA7E97322644102200CF241F /* PlanYourDayUITests */,
			);
		};
/* End PBXProject section */

/* Begin PBXResourcesBuildPhase section */
		FA7E97102644102000CF241F /* Resources */ = {
			isa = PBXResourcesBuildPhase;
			buildActionMask = 2147483647;
			files = (
				FA6A60C226466C550017CFF5 /* PlannerCell.xib in Resources */,
				FA7E97222644102200CF241F /* LaunchScreen.storyboard in Resources */,
				FA7E971F2644102200CF241F /* Assets.xcassets in Resources */,
				FA7E976B26441EA500CF241F /* PlannerJSON.json in Resources */,
				FA7E971D2644102000CF241F /* Main.storyboard in Resources */,
			);
			runOnlyForDeploymentPostprocessing = 0;
		};
		FA7E97262644102200CF241F /* Resources */ = {
			isa = PBXResourcesBuildPhase;
			buildActionMask = 2147483647;
			files = (
			);
			runOnlyForDeploymentPostprocessing = 0;
		};
		FA7E97312644102200CF241F /* Resources */ = {
			isa = PBXResourcesBuildPhase;
			buildActionMask = 2147483647;
			files = (
			);
			runOnlyForDeploymentPostprocessing = 0;
		};
/* End PBXResourcesBuildPhase section */

/* Begin PBXShellScriptBuildPhase section */
		1DA7BAB6DB5313CF0B466089 /* [CP] Check Pods Manifest.lock */ = {
			isa = PBXShellScriptBuildPhase;
			buildActionMask = 2147483647;
			files = (
			);
			inputFileListPaths = (
			);
			inputPaths = (
				"${PODS_PODFILE_DIR_PATH}/Podfile.lock",
				"${PODS_ROOT}/Manifest.lock",
			);
			name = "[CP] Check Pods Manifest.lock";
			outputFileListPaths = (
			);
			outputPaths = (
				"$(DERIVED_FILE_DIR)/Pods-PlanYourDayTests-checkManifestLockResult.txt",
			);
			runOnlyForDeploymentPostprocessing = 0;
			shellPath = /bin/sh;
			shellScript = "diff \"${PODS_PODFILE_DIR_PATH}/Podfile.lock\" \"${PODS_ROOT}/Manifest.lock\" > /dev/null\nif [ $? != 0 ] ; then\n    # print error to STDERR\n    echo \"error: The sandbox is not in sync with the Podfile.lock. Run 'pod install' or update your CocoaPods installation.\" >&2\n    exit 1\nfi\n# This output is used by Xcode 'outputs' to avoid re-running this script phase.\necho \"SUCCESS\" > \"${SCRIPT_OUTPUT_FILE_0}\"\n";
			showEnvVarsInLog = 0;
		};
		B9A8A076A6D97A8413F353E9 /* [CP] Check Pods Manifest.lock */ = {
			isa = PBXShellScriptBuildPhase;
			buildActionMask = 2147483647;
			files = (
			);
			inputFileListPaths = (
			);
			inputPaths = (
				"${PODS_PODFILE_DIR_PATH}/Podfile.lock",
				"${PODS_ROOT}/Manifest.lock",
			);
			name = "[CP] Check Pods Manifest.lock";
			outputFileListPaths = (
			);
			outputPaths = (
				"$(DERIVED_FILE_DIR)/Pods-PlanYourDay-checkManifestLockResult.txt",
			);
			runOnlyForDeploymentPostprocessing = 0;
			shellPath = /bin/sh;
			shellScript = "diff \"${PODS_PODFILE_DIR_PATH}/Podfile.lock\" \"${PODS_ROOT}/Manifest.lock\" > /dev/null\nif [ $? != 0 ] ; then\n    # print error to STDERR\n    echo \"error: The sandbox is not in sync with the Podfile.lock. Run 'pod install' or update your CocoaPods installation.\" >&2\n    exit 1\nfi\n# This output is used by Xcode 'outputs' to avoid re-running this script phase.\necho \"SUCCESS\" > \"${SCRIPT_OUTPUT_FILE_0}\"\n";
			showEnvVarsInLog = 0;
		};
		C1B75F3B9B308F743221137E /* [CP] Embed Pods Frameworks */ = {
			isa = PBXShellScriptBuildPhase;
			buildActionMask = 2147483647;
			files = (
			);
			inputFileListPaths = (
				"${PODS_ROOT}/Target Support Files/Pods-PlanYourDay-PlanYourDayUITests/Pods-PlanYourDay-PlanYourDayUITests-frameworks-${CONFIGURATION}-input-files.xcfilelist",
			);
			name = "[CP] Embed Pods Frameworks";
			outputFileListPaths = (
				"${PODS_ROOT}/Target Support Files/Pods-PlanYourDay-PlanYourDayUITests/Pods-PlanYourDay-PlanYourDayUITests-frameworks-${CONFIGURATION}-output-files.xcfilelist",
			);
			runOnlyForDeploymentPostprocessing = 0;
			shellPath = /bin/sh;
			shellScript = "\"${PODS_ROOT}/Target Support Files/Pods-PlanYourDay-PlanYourDayUITests/Pods-PlanYourDay-PlanYourDayUITests-frameworks.sh\"\n";
			showEnvVarsInLog = 0;
		};
		CCBFC4725DAD2636448326E4 /* [CP] Embed Pods Frameworks */ = {
			isa = PBXShellScriptBuildPhase;
			buildActionMask = 2147483647;
			files = (
			);
			inputFileListPaths = (
				"${PODS_ROOT}/Target Support Files/Pods-PlanYourDay/Pods-PlanYourDay-frameworks-${CONFIGURATION}-input-files.xcfilelist",
			);
			name = "[CP] Embed Pods Frameworks";
			outputFileListPaths = (
				"${PODS_ROOT}/Target Support Files/Pods-PlanYourDay/Pods-PlanYourDay-frameworks-${CONFIGURATION}-output-files.xcfilelist",
			);
			runOnlyForDeploymentPostprocessing = 0;
			shellPath = /bin/sh;
			shellScript = "\"${PODS_ROOT}/Target Support Files/Pods-PlanYourDay/Pods-PlanYourDay-frameworks.sh\"\n";
			showEnvVarsInLog = 0;
		};
		E37B9EE13681B668C19EE0C1 /* [CP] Check Pods Manifest.lock */ = {
			isa = PBXShellScriptBuildPhase;
			buildActionMask = 2147483647;
			files = (
			);
			inputFileListPaths = (
			);
			inputPaths = (
				"${PODS_PODFILE_DIR_PATH}/Podfile.lock",
				"${PODS_ROOT}/Manifest.lock",
			);
			name = "[CP] Check Pods Manifest.lock";
			outputFileListPaths = (
			);
			outputPaths = (
				"$(DERIVED_FILE_DIR)/Pods-PlanYourDay-PlanYourDayUITests-checkManifestLockResult.txt",
			);
			runOnlyForDeploymentPostprocessing = 0;
			shellPath = /bin/sh;
			shellScript = "diff \"${PODS_PODFILE_DIR_PATH}/Podfile.lock\" \"${PODS_ROOT}/Manifest.lock\" > /dev/null\nif [ $? != 0 ] ; then\n    # print error to STDERR\n    echo \"error: The sandbox is not in sync with the Podfile.lock. Run 'pod install' or update your CocoaPods installation.\" >&2\n    exit 1\nfi\n# This output is used by Xcode 'outputs' to avoid re-running this script phase.\necho \"SUCCESS\" > \"${SCRIPT_OUTPUT_FILE_0}\"\n";
			showEnvVarsInLog = 0;
		};
/* End PBXShellScriptBuildPhase section */

/* Begin PBXSourcesBuildPhase section */
		FA7E970E2644102000CF241F /* Sources */ = {
			isa = PBXSourcesBuildPhase;
			buildActionMask = 2147483647;
			files = (
				FA6A60CC26468B480017CFF5 /* AlertController.swift in Sources */,
				FA7E97162644102000CF241F /* AppDelegate.swift in Sources */,
				FA6A60C126466C550017CFF5 /* PlannerCell.swift in Sources */,
				FA6AB51C2646E1F2007E8F87 /* UIViewController+Extension.swift in Sources */,
				FA7E978B2644205800CF241F /* ToDoListItem.swift in Sources */,
				FA7E978326441F6700CF241F /* PlannerViewController.swift in Sources */,
				FA7E97BA26443F4000CF241F /* UIImageView+Extension.swift in Sources */,
				FA7E97B52644386E00CF241F /* UITextView+Extension.swift in Sources */,
				FA7E97AA26442D2C00CF241F /* InfoViewController.swift in Sources */,
				FA7E979826442AB000CF241F /* UIView+Extension.swift in Sources */,
				FA7E97932644215600CF241F /* Constants.swift in Sources */,
				FA6AB52826470270007E8F87 /* JSONParser.swift in Sources */,
				FA7E97A126442CC000CF241F /* EntryViewController.swift in Sources */,
				FA6A60C7264687930017CFF5 /* Animation.swift in Sources */,
				FA3796D22645847600D0168E /* SplashViewController.swift in Sources */,
			);
			runOnlyForDeploymentPostprocessing = 0;
		};
		FA7E97242644102200CF241F /* Sources */ = {
			isa = PBXSourcesBuildPhase;
			buildActionMask = 2147483647;
			files = (
				FA7E972D2644102200CF241F /* PlanYourDayTests.swift in Sources */,
			);
			runOnlyForDeploymentPostprocessing = 0;
		};
		FA7E972F2644102200CF241F /* Sources */ = {
			isa = PBXSourcesBuildPhase;
			buildActionMask = 2147483647;
			files = (
				FA7E97382644102200CF241F /* PlanYourDayUITests.swift in Sources */,
			);
			runOnlyForDeploymentPostprocessing = 0;
		};
/* End PBXSourcesBuildPhase section */

/* Begin PBXTargetDependency section */
		FA7E972A2644102200CF241F /* PBXTargetDependency */ = {
			isa = PBXTargetDependency;
			target = FA7E97112644102000CF241F /* PlanYourDay */;
			targetProxy = FA7E97292644102200CF241F /* PBXContainerItemProxy */;
		};
		FA7E97352644102200CF241F /* PBXTargetDependency */ = {
			isa = PBXTargetDependency;
			target = FA7E97112644102000CF241F /* PlanYourDay */;
			targetProxy = FA7E97342644102200CF241F /* PBXContainerItemProxy */;
		};
/* End PBXTargetDependency section */

/* Begin PBXVariantGroup section */
		FA7E971B2644102000CF241F /* Main.storyboard */ = {
			isa = PBXVariantGroup;
			children = (
				FA7E971C2644102000CF241F /* Base */,
			);
			name = Main.storyboard;
			sourceTree = "<group>";
		};
		FA7E97202644102200CF241F /* LaunchScreen.storyboard */ = {
			isa = PBXVariantGroup;
			children = (
				FA7E97212644102200CF241F /* Base */,
			);
			name = LaunchScreen.storyboard;
			sourceTree = "<group>";
		};
/* End PBXVariantGroup section */

/* Begin XCBuildConfiguration section */
		FA7E973A2644102200CF241F /* Debug */ = {
			isa = XCBuildConfiguration;
			buildSettings = {
				ALWAYS_SEARCH_USER_PATHS = NO;
				CLANG_ANALYZER_NONNULL = YES;
				CLANG_ANALYZER_NUMBER_OBJECT_CONVERSION = YES_AGGRESSIVE;
				CLANG_CXX_LANGUAGE_STANDARD = "gnu++14";
				CLANG_CXX_LIBRARY = "libc++";
				CLANG_ENABLE_MODULES = YES;
				CLANG_ENABLE_OBJC_ARC = YES;
				CLANG_ENABLE_OBJC_WEAK = YES;
				CLANG_WARN_BLOCK_CAPTURE_AUTORELEASING = YES;
				CLANG_WARN_BOOL_CONVERSION = YES;
				CLANG_WARN_COMMA = YES;
				CLANG_WARN_CONSTANT_CONVERSION = YES;
				CLANG_WARN_DEPRECATED_OBJC_IMPLEMENTATIONS = YES;
				CLANG_WARN_DIRECT_OBJC_ISA_USAGE = YES_ERROR;
				CLANG_WARN_DOCUMENTATION_COMMENTS = YES;
				CLANG_WARN_EMPTY_BODY = YES;
				CLANG_WARN_ENUM_CONVERSION = YES;
				CLANG_WARN_INFINITE_RECURSION = YES;
				CLANG_WARN_INT_CONVERSION = YES;
				CLANG_WARN_NON_LITERAL_NULL_CONVERSION = YES;
				CLANG_WARN_OBJC_IMPLICIT_RETAIN_SELF = YES;
				CLANG_WARN_OBJC_LITERAL_CONVERSION = YES;
				CLANG_WARN_OBJC_ROOT_CLASS = YES_ERROR;
				CLANG_WARN_QUOTED_INCLUDE_IN_FRAMEWORK_HEADER = YES;
				CLANG_WARN_RANGE_LOOP_ANALYSIS = YES;
				CLANG_WARN_STRICT_PROTOTYPES = YES;
				CLANG_WARN_SUSPICIOUS_MOVE = YES;
				CLANG_WARN_UNGUARDED_AVAILABILITY = YES_AGGRESSIVE;
				CLANG_WARN_UNREACHABLE_CODE = YES;
				CLANG_WARN__DUPLICATE_METHOD_MATCH = YES;
				COPY_PHASE_STRIP = NO;
				DEBUG_INFORMATION_FORMAT = dwarf;
				ENABLE_STRICT_OBJC_MSGSEND = YES;
				ENABLE_TESTABILITY = YES;
				GCC_C_LANGUAGE_STANDARD = gnu11;
				GCC_DYNAMIC_NO_PIC = NO;
				GCC_NO_COMMON_BLOCKS = YES;
				GCC_OPTIMIZATION_LEVEL = 0;
				GCC_PREPROCESSOR_DEFINITIONS = (
					"DEBUG=1",
					"$(inherited)",
				);
				GCC_WARN_64_TO_32_BIT_CONVERSION = YES;
				GCC_WARN_ABOUT_RETURN_TYPE = YES_ERROR;
				GCC_WARN_UNDECLARED_SELECTOR = YES;
				GCC_WARN_UNINITIALIZED_AUTOS = YES_AGGRESSIVE;
				GCC_WARN_UNUSED_FUNCTION = YES;
				GCC_WARN_UNUSED_VARIABLE = YES;
				IPHONEOS_DEPLOYMENT_TARGET = 14.4;
				MTL_ENABLE_DEBUG_INFO = INCLUDE_SOURCE;
				MTL_FAST_MATH = YES;
				ONLY_ACTIVE_ARCH = YES;
				SDKROOT = iphoneos;
				SWIFT_ACTIVE_COMPILATION_CONDITIONS = DEBUG;
				SWIFT_OPTIMIZATION_LEVEL = "-Onone";
			};
			name = Debug;
		};
		FA7E973B2644102200CF241F /* Release */ = {
			isa = XCBuildConfiguration;
			buildSettings = {
				ALWAYS_SEARCH_USER_PATHS = NO;
				CLANG_ANALYZER_NONNULL = YES;
				CLANG_ANALYZER_NUMBER_OBJECT_CONVERSION = YES_AGGRESSIVE;
				CLANG_CXX_LANGUAGE_STANDARD = "gnu++14";
				CLANG_CXX_LIBRARY = "libc++";
				CLANG_ENABLE_MODULES = YES;
				CLANG_ENABLE_OBJC_ARC = YES;
				CLANG_ENABLE_OBJC_WEAK = YES;
				CLANG_WARN_BLOCK_CAPTURE_AUTORELEASING = YES;
				CLANG_WARN_BOOL_CONVERSION = YES;
				CLANG_WARN_COMMA = YES;
				CLANG_WARN_CONSTANT_CONVERSION = YES;
				CLANG_WARN_DEPRECATED_OBJC_IMPLEMENTATIONS = YES;
				CLANG_WARN_DIRECT_OBJC_ISA_USAGE = YES_ERROR;
				CLANG_WARN_DOCUMENTATION_COMMENTS = YES;
				CLANG_WARN_EMPTY_BODY = YES;
				CLANG_WARN_ENUM_CONVERSION = YES;
				CLANG_WARN_INFINITE_RECURSION = YES;
				CLANG_WARN_INT_CONVERSION = YES;
				CLANG_WARN_NON_LITERAL_NULL_CONVERSION = YES;
				CLANG_WARN_OBJC_IMPLICIT_RETAIN_SELF = YES;
				CLANG_WARN_OBJC_LITERAL_CONVERSION = YES;
				CLANG_WARN_OBJC_ROOT_CLASS = YES_ERROR;
				CLANG_WARN_QUOTED_INCLUDE_IN_FRAMEWORK_HEADER = YES;
				CLANG_WARN_RANGE_LOOP_ANALYSIS = YES;
				CLANG_WARN_STRICT_PROTOTYPES = YES;
				CLANG_WARN_SUSPICIOUS_MOVE = YES;
				CLANG_WARN_UNGUARDED_AVAILABILITY = YES_AGGRESSIVE;
				CLANG_WARN_UNREACHABLE_CODE = YES;
				CLANG_WARN__DUPLICATE_METHOD_MATCH = YES;
				COPY_PHASE_STRIP = NO;
				DEBUG_INFORMATION_FORMAT = "dwarf-with-dsym";
				ENABLE_NS_ASSERTIONS = NO;
				ENABLE_STRICT_OBJC_MSGSEND = YES;
				GCC_C_LANGUAGE_STANDARD = gnu11;
				GCC_NO_COMMON_BLOCKS = YES;
				GCC_WARN_64_TO_32_BIT_CONVERSION = YES;
				GCC_WARN_ABOUT_RETURN_TYPE = YES_ERROR;
				GCC_WARN_UNDECLARED_SELECTOR = YES;
				GCC_WARN_UNINITIALIZED_AUTOS = YES_AGGRESSIVE;
				GCC_WARN_UNUSED_FUNCTION = YES;
				GCC_WARN_UNUSED_VARIABLE = YES;
				IPHONEOS_DEPLOYMENT_TARGET = 14.4;
				MTL_ENABLE_DEBUG_INFO = NO;
				MTL_FAST_MATH = YES;
				SDKROOT = iphoneos;
				SWIFT_COMPILATION_MODE = wholemodule;
				SWIFT_OPTIMIZATION_LEVEL = "-O";
				VALIDATE_PRODUCT = YES;
			};
			name = Release;
		};
		FA7E973D2644102200CF241F /* Debug */ = {
			isa = XCBuildConfiguration;
			baseConfigurationReference = 51BD879835538D7A1D4D1B4D /* Pods-PlanYourDay.debug.xcconfig */;
			buildSettings = {
				ASSETCATALOG_COMPILER_APPICON_NAME = AppIcon;
				ASSETCATALOG_COMPILER_GLOBAL_ACCENT_COLOR_NAME = AccentColor;
				CODE_SIGN_STYLE = Automatic;
				DEVELOPMENT_TEAM = KHK3PT3MZR;
				INFOPLIST_FILE = PlanYourDay/SupportingFiles/Info.plist;
				IPHONEOS_DEPLOYMENT_TARGET = 12.1;
				LD_RUNPATH_SEARCH_PATHS = (
					"$(inherited)",
					"@executable_path/Frameworks",
				);
				PRODUCT_BUNDLE_IDENTIFIER = Nikolai.Borisov.PlanYourDay;
				PRODUCT_NAME = "$(TARGET_NAME)";
				SWIFT_VERSION = 5.0;
				TARGETED_DEVICE_FAMILY = 1;
			};
			name = Debug;
		};
		FA7E973E2644102200CF241F /* Release */ = {
			isa = XCBuildConfiguration;
			baseConfigurationReference = C8810C1098E092E21AB85DA8 /* Pods-PlanYourDay.release.xcconfig */;
			buildSettings = {
				ASSETCATALOG_COMPILER_APPICON_NAME = AppIcon;
				ASSETCATALOG_COMPILER_GLOBAL_ACCENT_COLOR_NAME = AccentColor;
				CODE_SIGN_STYLE = Automatic;
				DEVELOPMENT_TEAM = KHK3PT3MZR;
				INFOPLIST_FILE = PlanYourDay/SupportingFiles/Info.plist;
				IPHONEOS_DEPLOYMENT_TARGET = 12.1;
				LD_RUNPATH_SEARCH_PATHS = (
					"$(inherited)",
					"@executable_path/Frameworks",
				);
				PRODUCT_BUNDLE_IDENTIFIER = Nikolai.Borisov.PlanYourDay;
				PRODUCT_NAME = "$(TARGET_NAME)";
				SWIFT_VERSION = 5.0;
				TARGETED_DEVICE_FAMILY = 1;
			};
			name = Release;
		};
		FA7E97402644102200CF241F /* Debug */ = {
			isa = XCBuildConfiguration;
			baseConfigurationReference = 80C48A0C40BE966CDDFD60AE /* Pods-PlanYourDayTests.debug.xcconfig */;
			buildSettings = {
				ALWAYS_EMBED_SWIFT_STANDARD_LIBRARIES = YES;
				BUNDLE_LOADER = "$(TEST_HOST)";
				CODE_SIGN_STYLE = Automatic;
				DEVELOPMENT_TEAM = KHK3PT3MZR;
				INFOPLIST_FILE = PlanYourDayTests/Info.plist;
				IPHONEOS_DEPLOYMENT_TARGET = 14.4;
				LD_RUNPATH_SEARCH_PATHS = (
					"$(inherited)",
					"@executable_path/Frameworks",
					"@loader_path/Frameworks",
				);
				PRODUCT_BUNDLE_IDENTIFIER = Nikolai.Borisov.PlanYourDayTests;
				PRODUCT_NAME = "$(TARGET_NAME)";
				SWIFT_VERSION = 5.0;
				TARGETED_DEVICE_FAMILY = "1,2";
				TEST_HOST = "$(BUILT_PRODUCTS_DIR)/PlanYourDay.app/PlanYourDay";
			};
			name = Debug;
		};
		FA7E97412644102200CF241F /* Release */ = {
			isa = XCBuildConfiguration;
			baseConfigurationReference = 5479CC3AED04695E32847320 /* Pods-PlanYourDayTests.release.xcconfig */;
			buildSettings = {
				ALWAYS_EMBED_SWIFT_STANDARD_LIBRARIES = YES;
				BUNDLE_LOADER = "$(TEST_HOST)";
				CODE_SIGN_STYLE = Automatic;
				DEVELOPMENT_TEAM = KHK3PT3MZR;
				INFOPLIST_FILE = PlanYourDayTests/Info.plist;
				IPHONEOS_DEPLOYMENT_TARGET = 14.4;
				LD_RUNPATH_SEARCH_PATHS = (
					"$(inherited)",
					"@executable_path/Frameworks",
					"@loader_path/Frameworks",
				);
				PRODUCT_BUNDLE_IDENTIFIER = Nikolai.Borisov.PlanYourDayTests;
				PRODUCT_NAME = "$(TARGET_NAME)";
				SWIFT_VERSION = 5.0;
				TARGETED_DEVICE_FAMILY = "1,2";
				TEST_HOST = "$(BUILT_PRODUCTS_DIR)/PlanYourDay.app/PlanYourDay";
			};
			name = Release;
		};
		FA7E97432644102200CF241F /* Debug */ = {
			isa = XCBuildConfiguration;
			baseConfigurationReference = 8DEE5F3D8D21C0BE3F1C04B8 /* Pods-PlanYourDay-PlanYourDayUITests.debug.xcconfig */;
			buildSettings = {
				ALWAYS_EMBED_SWIFT_STANDARD_LIBRARIES = YES;
				CODE_SIGN_STYLE = Automatic;
				DEVELOPMENT_TEAM = KHK3PT3MZR;
				INFOPLIST_FILE = PlanYourDayUITests/Info.plist;
				LD_RUNPATH_SEARCH_PATHS = (
					"$(inherited)",
					"@executable_path/Frameworks",
					"@loader_path/Frameworks",
				);
				PRODUCT_BUNDLE_IDENTIFIER = Nikolai.Borisov.PlanYourDayUITests;
				PRODUCT_NAME = "$(TARGET_NAME)";
				SWIFT_VERSION = 5.0;
				TARGETED_DEVICE_FAMILY = "1,2";
				TEST_TARGET_NAME = PlanYourDay;
			};
			name = Debug;
		};
		FA7E97442644102200CF241F /* Release */ = {
			isa = XCBuildConfiguration;
			baseConfigurationReference = 464253C676D5231452762549 /* Pods-PlanYourDay-PlanYourDayUITests.release.xcconfig */;
			buildSettings = {
				ALWAYS_EMBED_SWIFT_STANDARD_LIBRARIES = YES;
				CODE_SIGN_STYLE = Automatic;
				DEVELOPMENT_TEAM = KHK3PT3MZR;
				INFOPLIST_FILE = PlanYourDayUITests/Info.plist;
				LD_RUNPATH_SEARCH_PATHS = (
					"$(inherited)",
					"@executable_path/Frameworks",
					"@loader_path/Frameworks",
				);
				PRODUCT_BUNDLE_IDENTIFIER = Nikolai.Borisov.PlanYourDayUITests;
				PRODUCT_NAME = "$(TARGET_NAME)";
				SWIFT_VERSION = 5.0;
				TARGETED_DEVICE_FAMILY = "1,2";
				TEST_TARGET_NAME = PlanYourDay;
			};
			name = Release;
		};
/* End XCBuildConfiguration section */

/* Begin XCConfigurationList section */
		FA7E970D2644101F00CF241F /* Build configuration list for PBXProject "PlanYourDay" */ = {
			isa = XCConfigurationList;
			buildConfigurations = (
				FA7E973A2644102200CF241F /* Debug */,
				FA7E973B2644102200CF241F /* Release */,
			);
			defaultConfigurationIsVisible = 0;
			defaultConfigurationName = Release;
		};
		FA7E973C2644102200CF241F /* Build configuration list for PBXNativeTarget "PlanYourDay" */ = {
			isa = XCConfigurationList;
			buildConfigurations = (
				FA7E973D2644102200CF241F /* Debug */,
				FA7E973E2644102200CF241F /* Release */,
			);
			defaultConfigurationIsVisible = 0;
			defaultConfigurationName = Release;
		};
		FA7E973F2644102200CF241F /* Build configuration list for PBXNativeTarget "PlanYourDayTests" */ = {
			isa = XCConfigurationList;
			buildConfigurations = (
				FA7E97402644102200CF241F /* Debug */,
				FA7E97412644102200CF241F /* Release */,
			);
			defaultConfigurationIsVisible = 0;
			defaultConfigurationName = Release;
		};
		FA7E97422644102200CF241F /* Build configuration list for PBXNativeTarget "PlanYourDayUITests" */ = {
			isa = XCConfigurationList;
			buildConfigurations = (
				FA7E97432644102200CF241F /* Debug */,
				FA7E97442644102200CF241F /* Release */,
			);
			defaultConfigurationIsVisible = 0;
			defaultConfigurationName = Release;
		};
/* End XCConfigurationList section */
	};
	rootObject = FA7E970A2644101F00CF241F /* Project object */;
}
